
Microsoft Visual Studio Solution File, Format Version 12.00
# Visual Studio Version 17
VisualStudioVersion = 17.3.32901.215
MinimumVisualStudioVersion = 10.0.40219.1
Project("{FAE04EC0-301F-11D3-BF4B-00C04F79EFBC}") = "DZ_ASP_ZooShop", "DZ_ASP_ZooShop\DZ_ASP_ZooShop.csproj", "{6664F2E1-A920-477F-8D31-E285BC7DFDA9}"
EndProject
Global
	GlobalSection(SolutionConfigurationPlatforms) = preSolution
		Debug|Any CPU = Debug|Any CPU
		Release|Any CPU = Release|Any CPU
	EndGlobalSection
	GlobalSection(ProjectConfigurationPlatforms) = postSolution
		{6664F2E1-A920-477F-8D31-E285BC7DFDA9}.Debug|Any CPU.ActiveCfg = Debug|Any CPU
		{6664F2E1-A920-477F-8D31-E285BC7DFDA9}.Debug|Any CPU.Build.0 = Debug|Any CPU
		{6664F2E1-A920-477F-8D31-E285BC7DFDA9}.Release|Any CPU.ActiveCfg = Release|Any CPU
		{6664F2E1-A920-477F-8D31-E285BC7DFDA9}.Release|Any CPU.Build.0 = Release|Any CPU
	EndGlobalSection
	GlobalSection(SolutionProperties) = preSolution
		HideSolutionNode = FALSE
	EndGlobalSection
	GlobalSection(ExtensibilityGlobals) = postSolution
		SolutionGuid = {14E60637-DC0F-4405-9C24-CE30D165955B}
	EndGlobalSection
EndGlobal
